github.com/CloudyKit/fastprinter v0.0.0-20200109182630-33d98a066a53 h1:sR+/8Yb4slttB4vD+b9btVEnWgL3Q00OBTzVT8B9C0c=
github.com/CloudyKit/fastprinter v0.0.0-20200109182630-33d98a066a53/go.mod h1:+3IMCy2vIlbG1XG/0ggNQv0SvxCAIpPM5b1nCz56Xno=
github.com/CloudyKit/jet v2.1.2+incompatible h1:ybZoYzMBdoijK6I+Ke3vg9GZsmlKo/ZhKdNMWz0P26c=
github.com/CloudyKit/jet v2.1.2+incompatible/go.mod h1:HPYO+50pSWkPoj9Q/eq0aRGByCL6ScRlUmiEX5Zgm+w=
